
Microsoft Visual Studio Solution File, Format Version 12.00
# Visual Studio 14
VisualStudioVersion = 14.0.25420.1
MinimumVisualStudioVersion = 10.0.40219.1
Project("{FAE04EC0-301F-11D3-BF4B-00C04F79EFBC}") = "LibraryAPI", "LibraryAPI\LibraryAPI.csproj", "{27968F05-21E3-4389-A600-EDFC607868CC}"
EndProject
Project("{FAE04EC0-301F-11D3-BF4B-00C04F79EFBC}") = "LibraryUI", "LibraryUI\LibraryUI.csproj", "{7B2630D2-9C45-4C9A-B37B-7CF67D2D3697}"
EndProject
Global
	GlobalSection(SolutionConfigurationPlatforms) = preSolution
		Debug|Any CPU = Debug|Any CPU
		Release|Any CPU = Release|Any CPU
	EndGlobalSection
	GlobalSection(ProjectConfigurationPlatforms) = postSolution
		{27968F05-21E3-4389-A600-EDFC607868CC}.Debug|Any CPU.ActiveCfg = Debug|Any CPU
		{27968F05-21E3-4389-A600-EDFC607868CC}.Debug|Any CPU.Build.0 = Debug|Any CPU
		{27968F05-21E3-4389-A600-EDFC607868CC}.Release|Any CPU.ActiveCfg = Release|Any CPU
		{27968F05-21E3-4389-A600-EDFC607868CC}.Release|Any CPU.Build.0 = Release|Any CPU
		{7B2630D2-9C45-4C9A-B37B-7CF67D2D3697}.Debug|Any CPU.ActiveCfg = Debug|Any CPU
		{7B2630D2-9C45-4C9A-B37B-7CF67D2D3697}.Debug|Any CPU.Build.0 = Debug|Any CPU
		{7B2630D2-9C45-4C9A-B37B-7CF67D2D3697}.Release|Any CPU.ActiveCfg = Release|Any CPU
		{7B2630D2-9C45-4C9A-B37B-7CF67D2D3697}.Release|Any CPU.Build.0 = Release|Any CPU
	EndGlobalSection
	GlobalSection(SolutionProperties) = preSolution
		HideSolutionNode = FALSE
	EndGlobalSection
EndGlobal
